
Microsoft Visual Studio Solution File, Format Version 12.00
# Visual Studio Version 16
VisualStudioVersion = 16.0.32002.261
MinimumVisualStudioVersion = 10.0.40219.1
Project("{9A19103F-16F7-4668-BE54-9A1E7A4F7556}") = "DataAccess", "DataAccess\DataAccess.csproj", "{FA4FED15-CC03-4F0F-BC54-D2CD23D4EE1D}"
EndProject
Project("{9A19103F-16F7-4668-BE54-9A1E7A4F7556}") = "Business", "Business\Business.csproj", "{79D473D8-0DBF-44BC-850C-7BD5D0DDFAC3}"
EndProject
Project("{9A19103F-16F7-4668-BE54-9A1E7A4F7556}") = "Entities", "Entities\Entities.csproj", "{8596CCCD-816A-4E7E-9DBB-42775598FE9C}"
EndProject
Project("{9A19103F-16F7-4668-BE54-9A1E7A4F7556}") = "ConsoleUI", "ConsoleUI\ConsoleUI.csproj", "{DD4F0B20-14AE-4369-B1CA-09C7A38B681D}"
EndProject
Project("{9A19103F-16F7-4668-BE54-9A1E7A4F7556}") = "Core", "Core\Core.csproj", "{79C76CB6-FAB2-4986-8197-A30C64C3FB32}"
EndProject
Project("{FAE04EC0-301F-11D3-BF4B-00C04F79EFBC}") = "WebAPI", "WebAPI\WebAPI.csproj", "{A8C320B3-65F9-463E-ABEE-EB4EB422288C}"
EndProject
Global
	GlobalSection(SolutionConfigurationPlatforms) = preSolution
		Debug|Any CPU = Debug|Any CPU
		Release|Any CPU = Release|Any CPU
	EndGlobalSection
	GlobalSection(ProjectConfigurationPlatforms) = postSolution
		{FA4FED15-CC03-4F0F-BC54-D2CD23D4EE1D}.Debug|Any CPU.ActiveCfg = Debug|Any CPU
		{FA4FED15-CC03-4F0F-BC54-D2CD23D4EE1D}.Debug|Any CPU.Build.0 = Debug|Any CPU
		{FA4FED15-CC03-4F0F-BC54-D2CD23D4EE1D}.Release|Any CPU.ActiveCfg = Release|Any CPU
		{FA4FED15-CC03-4F0F-BC54-D2CD23D4EE1D}.Release|Any CPU.Build.0 = Release|Any CPU
		{79D473D8-0DBF-44BC-850C-7BD5D0DDFAC3}.Debug|Any CPU.ActiveCfg = Debug|Any CPU
		{79D473D8-0DBF-44BC-850C-7BD5D0DDFAC3}.Debug|Any CPU.Build.0 = Debug|Any CPU
		{79D473D8-0DBF-44BC-850C-7BD5D0DDFAC3}.Release|Any CPU.ActiveCfg = Release|Any CPU
		{79D473D8-0DBF-44BC-850C-7BD5D0DDFAC3}.Release|Any CPU.Build.0 = Release|Any CPU
		{8596CCCD-816A-4E7E-9DBB-42775598FE9C}.Debug|Any CPU.ActiveCfg = Debug|Any CPU
		{8596CCCD-816A-4E7E-9DBB-42775598FE9C}.Debug|Any CPU.Build.0 = Debug|Any CPU
		{8596CCCD-816A-4E7E-9DBB-42775598FE9C}.Release|Any CPU.ActiveCfg = Release|Any CPU
		{8596CCCD-816A-4E7E-9DBB-42775598FE9C}.Release|Any CPU.Build.0 = Release|Any CPU
		{DD4F0B20-14AE-4369-B1CA-09C7A38B681D}.Debug|Any CPU.ActiveCfg = Debug|Any CPU
		{DD4F0B20-14AE-4369-B1CA-09C7A38B681D}.Debug|Any CPU.Build.0 = Debug|Any CPU
		{DD4F0B20-14AE-4369-B1CA-09C7A38B681D}.Release|Any CPU.ActiveCfg = Release|Any CPU
		{DD4F0B20-14AE-4369-B1CA-09C7A38B681D}.Release|Any CPU.Build.0 = Release|Any CPU
		{79C76CB6-FAB2-4986-8197-A30C64C3FB32}.Debug|Any CPU.ActiveCfg = Debug|Any CPU
		{79C76CB6-FAB2-4986-8197-A30C64C3FB32}.Debug|Any CPU.Build.0 = Debug|Any CPU
		{79C76CB6-FAB2-4986-8197-A30C64C3FB32}.Release|Any CPU.ActiveCfg = Release|Any CPU
		{79C76CB6-FAB2-4986-8197-A30C64C3FB32}.Release|Any CPU.Build.0 = Release|Any CPU
		{A8C320B3-65F9-463E-ABEE-EB4EB422288C}.Debug|Any CPU.ActiveCfg = Debug|Any CPU
		{A8C320B3-65F9-463E-ABEE-EB4EB422288C}.Debug|Any CPU.Build.0 = Debug|Any CPU
		{A8C320B3-65F9-463E-ABEE-EB4EB422288C}.Release|Any CPU.ActiveCfg = Release|Any CPU
		{A8C320B3-65F9-463E-ABEE-EB4EB422288C}.Release|Any CPU.Build.0 = Release|Any CPU
	EndGlobalSection
	GlobalSection(SolutionProperties) = preSolution
		HideSolutionNode = FALSE
	EndGlobalSection
	GlobalSection(ExtensibilityGlobals) = postSolution
		SolutionGuid = {3A0BDF9C-A82D-41FF-838D-B947EF2800C1}
	EndGlobalSection
EndGlobal
